
Microsoft Visual Studio Solution File, Format Version 12.00
# Visual Studio Version 17
VisualStudioVersion = 17.2.32519.379
MinimumVisualStudioVersion = 10.0.40219.1
Project("{2150E333-8FDC-42A3-9474-1A3956D46DE8}") = "Services", "Services", "{38BA2D35-D1D8-48DB-80BF-C047D41F4EEB}"
EndProject
Project("{2150E333-8FDC-42A3-9474-1A3956D46DE8}") = "WebApps", "WebApps", "{7B3003D5-208F-4BC2-8F65-9D007193F97E}"
EndProject
Project("{2150E333-8FDC-42A3-9474-1A3956D46DE8}") = "Cadastros", "Cadastros", "{AC606E80-C5E4-488B-8F9D-0BA9EC02665C}"
EndProject
Project("{2150E333-8FDC-42A3-9474-1A3956D46DE8}") = "Catalogo", "Catalogo", "{8D25B445-9F86-488A-9DE9-433545376B3C}"
EndProject
Project("{2150E333-8FDC-42A3-9474-1A3956D46DE8}") = "Core", "Core", "{CD154FDB-41F9-493D-A0FA-F5D20578BA66}"
EndProject
Project("{2150E333-8FDC-42A3-9474-1A3956D46DE8}") = "Fiscal", "Fiscal", "{3905D131-8E63-46B5-AF99-7D6BABBC3DB4}"
EndProject
Project("{2150E333-8FDC-42A3-9474-1A3956D46DE8}") = "Pagamentos", "Pagamentos", "{F2807112-AF6A-4494-BE86-A6B051B257D2}"
EndProject
Project("{2150E333-8FDC-42A3-9474-1A3956D46DE8}") = "Vendas", "Vendas", "{25F22C48-A4A3-4DF7-BC87-8844FDD63C86}"
EndProject
Project("{9A19103F-16F7-4668-BE54-9A1E7A4F7556}") = "NerdStore.Catalogo.Domain", "src\NerdStore.Catalogo.Domain\NerdStore.Catalogo.Domain.csproj", "{FB043013-5050-4EFC-BE00-5230471B738B}"
EndProject
Project("{9A19103F-16F7-4668-BE54-9A1E7A4F7556}") = "NerdStore.Core", "src\NerdStore.Core\NerdStore.Core.csproj", "{49316CB3-81CD-422F-AF33-406685F9549B}"
EndProject
Project("{2150E333-8FDC-42A3-9474-1A3956D46DE8}") = "Tests", "Tests", "{EBB7CED6-8ED7-413D-A3BB-B31D785B290F}"
EndProject
Project("{9A19103F-16F7-4668-BE54-9A1E7A4F7556}") = "NerdStore.Catalogo.Domain.Tests", "tests\NerdStore.Catalogo.Domain.Tests\NerdStore.Catalogo.Domain.Tests.csproj", "{9BE0541D-D318-4005-AB00-A8151A049900}"
EndProject
Project("{9A19103F-16F7-4668-BE54-9A1E7A4F7556}") = "NerdStore.Catalogo.Data", "src\NerdStore.Catalogo.Data\NerdStore.Catalogo.Data.csproj", "{A53147D4-6F74-4E45-AD3E-26BDAAD5B2A5}"
EndProject
Project("{FAE04EC0-301F-11D3-BF4B-00C04F79EFBC}") = "NerdStore.Catalogo.Application", "src\NerdStore.Catalogo.Application\NerdStore.Catalogo.Application.csproj", "{8FCB15EA-AE74-43EE-B76C-32FA8B9BE030}"
EndProject
Project("{9A19103F-16F7-4668-BE54-9A1E7A4F7556}") = "NerdStore.WebApp.MVC", "src\NerdStore.WebApp.MVC\NerdStore.WebApp.MVC.csproj", "{008C7483-0DB3-47CC-833D-BD2EB08A8FD5}"
EndProject
Global
	GlobalSection(SolutionConfigurationPlatforms) = preSolution
		Debug|Any CPU = Debug|Any CPU
		Release|Any CPU = Release|Any CPU
	EndGlobalSection
	GlobalSection(ProjectConfigurationPlatforms) = postSolution
		{FB043013-5050-4EFC-BE00-5230471B738B}.Debug|Any CPU.ActiveCfg = Debug|Any CPU
		{FB043013-5050-4EFC-BE00-5230471B738B}.Debug|Any CPU.Build.0 = Debug|Any CPU
		{FB043013-5050-4EFC-BE00-5230471B738B}.Release|Any CPU.ActiveCfg = Release|Any CPU
		{FB043013-5050-4EFC-BE00-5230471B738B}.Release|Any CPU.Build.0 = Release|Any CPU
		{49316CB3-81CD-422F-AF33-406685F9549B}.Debug|Any CPU.ActiveCfg = Debug|Any CPU
		{49316CB3-81CD-422F-AF33-406685F9549B}.Debug|Any CPU.Build.0 = Debug|Any CPU
		{49316CB3-81CD-422F-AF33-406685F9549B}.Release|Any CPU.ActiveCfg = Release|Any CPU
		{49316CB3-81CD-422F-AF33-406685F9549B}.Release|Any CPU.Build.0 = Release|Any CPU
		{9BE0541D-D318-4005-AB00-A8151A049900}.Debug|Any CPU.ActiveCfg = Debug|Any CPU
		{9BE0541D-D318-4005-AB00-A8151A049900}.Debug|Any CPU.Build.0 = Debug|Any CPU
		{9BE0541D-D318-4005-AB00-A8151A049900}.Release|Any CPU.ActiveCfg = Release|Any CPU
		{9BE0541D-D318-4005-AB00-A8151A049900}.Release|Any CPU.Build.0 = Release|Any CPU
		{A53147D4-6F74-4E45-AD3E-26BDAAD5B2A5}.Debug|Any CPU.ActiveCfg = Debug|Any CPU
		{A53147D4-6F74-4E45-AD3E-26BDAAD5B2A5}.Debug|Any CPU.Build.0 = Debug|Any CPU
		{A53147D4-6F74-4E45-AD3E-26BDAAD5B2A5}.Release|Any CPU.ActiveCfg = Release|Any CPU
		{A53147D4-6F74-4E45-AD3E-26BDAAD5B2A5}.Release|Any CPU.Build.0 = Release|Any CPU
		{8FCB15EA-AE74-43EE-B76C-32FA8B9BE030}.Debug|Any CPU.ActiveCfg = Debug|Any CPU
		{8FCB15EA-AE74-43EE-B76C-32FA8B9BE030}.Debug|Any CPU.Build.0 = Debug|Any CPU
		{8FCB15EA-AE74-43EE-B76C-32FA8B9BE030}.Release|Any CPU.ActiveCfg = Release|Any CPU
		{8FCB15EA-AE74-43EE-B76C-32FA8B9BE030}.Release|Any CPU.Build.0 = Release|Any CPU
		{008C7483-0DB3-47CC-833D-BD2EB08A8FD5}.Debug|Any CPU.ActiveCfg = Debug|Any CPU
		{008C7483-0DB3-47CC-833D-BD2EB08A8FD5}.Debug|Any CPU.Build.0 = Debug|Any CPU
		{008C7483-0DB3-47CC-833D-BD2EB08A8FD5}.Release|Any CPU.ActiveCfg = Release|Any CPU
		{008C7483-0DB3-47CC-833D-BD2EB08A8FD5}.Release|Any CPU.Build.0 = Release|Any CPU
	EndGlobalSection
	GlobalSection(SolutionProperties) = preSolution
		HideSolutionNode = FALSE
	EndGlobalSection
	GlobalSection(NestedProjects) = preSolution
		{AC606E80-C5E4-488B-8F9D-0BA9EC02665C} = {38BA2D35-D1D8-48DB-80BF-C047D41F4EEB}
		{8D25B445-9F86-488A-9DE9-433545376B3C} = {38BA2D35-D1D8-48DB-80BF-C047D41F4EEB}
		{CD154FDB-41F9-493D-A0FA-F5D20578BA66} = {38BA2D35-D1D8-48DB-80BF-C047D41F4EEB}
		{3905D131-8E63-46B5-AF99-7D6BABBC3DB4} = {38BA2D35-D1D8-48DB-80BF-C047D41F4EEB}
		{F2807112-AF6A-4494-BE86-A6B051B257D2} = {38BA2D35-D1D8-48DB-80BF-C047D41F4EEB}
		{25F22C48-A4A3-4DF7-BC87-8844FDD63C86} = {38BA2D35-D1D8-48DB-80BF-C047D41F4EEB}
		{FB043013-5050-4EFC-BE00-5230471B738B} = {8D25B445-9F86-488A-9DE9-433545376B3C}
		{49316CB3-81CD-422F-AF33-406685F9549B} = {CD154FDB-41F9-493D-A0FA-F5D20578BA66}
		{EBB7CED6-8ED7-413D-A3BB-B31D785B290F} = {8D25B445-9F86-488A-9DE9-433545376B3C}
		{9BE0541D-D318-4005-AB00-A8151A049900} = {EBB7CED6-8ED7-413D-A3BB-B31D785B290F}
		{A53147D4-6F74-4E45-AD3E-26BDAAD5B2A5} = {8D25B445-9F86-488A-9DE9-433545376B3C}
		{8FCB15EA-AE74-43EE-B76C-32FA8B9BE030} = {8D25B445-9F86-488A-9DE9-433545376B3C}
		{008C7483-0DB3-47CC-833D-BD2EB08A8FD5} = {7B3003D5-208F-4BC2-8F65-9D007193F97E}
	EndGlobalSection
	GlobalSection(ExtensibilityGlobals) = postSolution
		SolutionGuid = {8E614533-5DA1-436F-A143-06F953D21532}
	EndGlobalSection
EndGlobal
